
Microsoft Visual Studio Solution File, Format Version 12.00
# Visual Studio Version 17
VisualStudioVersion = 17.14.36401.2 d17.14
MinimumVisualStudioVersion = 10.0.40219.1
Project("{FAE04EC0-301F-11D3-BF4B-00C04F79EFBC}") = "HRPayroll.API", "HRPayroll.API\HRPayroll.API.csproj", "{A12CFC98-681F-4586-916C-A22050A4E0A3}"
EndProject
Project("{FAE04EC0-301F-11D3-BF4B-00C04F79EFBC}") = "HRPayroll.Core", "HRPayroll.Core\HRPayroll.Core.csproj", "{94E1DC26-8978-4E20-B466-BB1C0D71BAA3}"
EndProject
Project("{FAE04EC0-301F-11D3-BF4B-00C04F79EFBC}") = "HRPayroll.Infrastructure", "HRPayroll.Infrastructure\HRPayroll.Infrastructure.csproj", "{8EBC4B81-E832-4ED5-A473-4BC92AA3792F}"
EndProject
Project("{FAE04EC0-301F-11D3-BF4B-00C04F79EFBC}") = "HRPayroll.Services", "HRPayroll.Services\HRPayroll.Services.csproj", "{CED94FAE-C873-4816-882F-EEDCDF271939}"
EndProject
Project("{FAE04EC0-301F-11D3-BF4B-00C04F79EFBC}") = "HRPayroll.Common", "HRPayroll.Common\HRPayroll.Common.csproj", "{B37A6EB7-569F-415C-9394-7D5DE1399253}"
EndProject
Global
	GlobalSection(SolutionConfigurationPlatforms) = preSolution
		Debug|Any CPU = Debug|Any CPU
		Release|Any CPU = Release|Any CPU
	EndGlobalSection
	GlobalSection(ProjectConfigurationPlatforms) = postSolution
		{A12CFC98-681F-4586-916C-A22050A4E0A3}.Debug|Any CPU.ActiveCfg = Debug|Any CPU
		{A12CFC98-681F-4586-916C-A22050A4E0A3}.Debug|Any CPU.Build.0 = Debug|Any CPU
		{A12CFC98-681F-4586-916C-A22050A4E0A3}.Release|Any CPU.ActiveCfg = Release|Any CPU
		{A12CFC98-681F-4586-916C-A22050A4E0A3}.Release|Any CPU.Build.0 = Release|Any CPU
		{94E1DC26-8978-4E20-B466-BB1C0D71BAA3}.Debug|Any CPU.ActiveCfg = Debug|Any CPU
		{94E1DC26-8978-4E20-B466-BB1C0D71BAA3}.Debug|Any CPU.Build.0 = Debug|Any CPU
		{94E1DC26-8978-4E20-B466-BB1C0D71BAA3}.Release|Any CPU.ActiveCfg = Release|Any CPU
		{94E1DC26-8978-4E20-B466-BB1C0D71BAA3}.Release|Any CPU.Build.0 = Release|Any CPU
		{8EBC4B81-E832-4ED5-A473-4BC92AA3792F}.Debug|Any CPU.ActiveCfg = Debug|Any CPU
		{8EBC4B81-E832-4ED5-A473-4BC92AA3792F}.Debug|Any CPU.Build.0 = Debug|Any CPU
		{8EBC4B81-E832-4ED5-A473-4BC92AA3792F}.Release|Any CPU.ActiveCfg = Release|Any CPU
		{8EBC4B81-E832-4ED5-A473-4BC92AA3792F}.Release|Any CPU.Build.0 = Release|Any CPU
		{CED94FAE-C873-4816-882F-EEDCDF271939}.Debug|Any CPU.ActiveCfg = Debug|Any CPU
		{CED94FAE-C873-4816-882F-EEDCDF271939}.Debug|Any CPU.Build.0 = Debug|Any CPU
		{CED94FAE-C873-4816-882F-EEDCDF271939}.Release|Any CPU.ActiveCfg = Release|Any CPU
		{CED94FAE-C873-4816-882F-EEDCDF271939}.Release|Any CPU.Build.0 = Release|Any CPU
		{B37A6EB7-569F-415C-9394-7D5DE1399253}.Debug|Any CPU.ActiveCfg = Debug|Any CPU
		{B37A6EB7-569F-415C-9394-7D5DE1399253}.Debug|Any CPU.Build.0 = Debug|Any CPU
		{B37A6EB7-569F-415C-9394-7D5DE1399253}.Release|Any CPU.ActiveCfg = Release|Any CPU
		{B37A6EB7-569F-415C-9394-7D5DE1399253}.Release|Any CPU.Build.0 = Release|Any CPU
	EndGlobalSection
	GlobalSection(SolutionProperties) = preSolution
		HideSolutionNode = FALSE
	EndGlobalSection
	GlobalSection(ExtensibilityGlobals) = postSolution
		SolutionGuid = {25D94386-2DF0-4A46-BABC-B0158585B098}
	EndGlobalSection
EndGlobal
